
Microsoft Visual Studio Solution File, Format Version 12.00
# Visual Studio Version 16
VisualStudioVersion = 16.0.30320.27
MinimumVisualStudioVersion = 10.0.40219.1
Project("{9A19103F-16F7-4668-BE54-9A1E7A4F7556}") = "hirs", "hirs\hirs.csproj", "{300FF15E-1E10-4586-843D-D652BA40DEE5}"
EndProject
Project("{2150E333-8FDC-42A3-9474-1A3956D46DE8}") = "Solution Items", "Solution Items", "{E61D6E28-B993-436D-AA88-165857AAEEC0}"
	ProjectSection(SolutionItems) = preProject
		.editorconfig = .editorconfig
	EndProjectSection
EndProject
Project("{9A19103F-16F7-4668-BE54-9A1E7A4F7556}") = "hirsTest", "hirsTest\hirsTest.csproj", "{C6458436-D548-428C-B250-23E3084F74FC}"
EndProject
Global
	GlobalSection(SolutionConfigurationPlatforms) = preSolution
		Debug|Any CPU = Debug|Any CPU
		Debug|ARM = Debug|ARM
		Debug|ARM64 = Debug|ARM64
		Debug|x64 = Debug|x64
		Debug|x86 = Debug|x86
		Release|Any CPU = Release|Any CPU
		Release|ARM = Release|ARM
		Release|ARM64 = Release|ARM64
		Release|x64 = Release|x64
		Release|x86 = Release|x86
	EndGlobalSection
	GlobalSection(ProjectConfigurationPlatforms) = postSolution
		{300FF15E-1E10-4586-843D-D652BA40DEE5}.Debug|Any CPU.ActiveCfg = Debug|Any CPU
		{300FF15E-1E10-4586-843D-D652BA40DEE5}.Debug|Any CPU.Build.0 = Debug|Any CPU
		{300FF15E-1E10-4586-843D-D652BA40DEE5}.Debug|ARM.ActiveCfg = Debug|Any CPU
		{300FF15E-1E10-4586-843D-D652BA40DEE5}.Debug|ARM.Build.0 = Debug|Any CPU
		{300FF15E-1E10-4586-843D-D652BA40DEE5}.Debug|ARM64.ActiveCfg = Debug|Any CPU
		{300FF15E-1E10-4586-843D-D652BA40DEE5}.Debug|ARM64.Build.0 = Debug|Any CPU
		{300FF15E-1E10-4586-843D-D652BA40DEE5}.Debug|x64.ActiveCfg = Debug|Any CPU
		{300FF15E-1E10-4586-843D-D652BA40DEE5}.Debug|x64.Build.0 = Debug|Any CPU
		{300FF15E-1E10-4586-843D-D652BA40DEE5}.Debug|x86.ActiveCfg = Debug|Any CPU
		{300FF15E-1E10-4586-843D-D652BA40DEE5}.Debug|x86.Build.0 = Debug|Any CPU
		{300FF15E-1E10-4586-843D-D652BA40DEE5}.Release|Any CPU.ActiveCfg = Release|Any CPU
		{300FF15E-1E10-4586-843D-D652BA40DEE5}.Release|Any CPU.Build.0 = Release|Any CPU
		{300FF15E-1E10-4586-843D-D652BA40DEE5}.Release|ARM.ActiveCfg = Release|Any CPU
		{300FF15E-1E10-4586-843D-D652BA40DEE5}.Release|ARM.Build.0 = Release|Any CPU
		{300FF15E-1E10-4586-843D-D652BA40DEE5}.Release|ARM64.ActiveCfg = Release|Any CPU
		{300FF15E-1E10-4586-843D-D652BA40DEE5}.Release|ARM64.Build.0 = Release|Any CPU
		{300FF15E-1E10-4586-843D-D652BA40DEE5}.Release|x64.ActiveCfg = Release|Any CPU
		{300FF15E-1E10-4586-843D-D652BA40DEE5}.Release|x64.Build.0 = Release|Any CPU
		{300FF15E-1E10-4586-843D-D652BA40DEE5}.Release|x86.ActiveCfg = Release|Any CPU
		{300FF15E-1E10-4586-843D-D652BA40DEE5}.Release|x86.Build.0 = Release|Any CPU
		{C6458436-D548-428C-B250-23E3084F74FC}.Debug|Any CPU.ActiveCfg = Debug|Any CPU
		{C6458436-D548-428C-B250-23E3084F74FC}.Debug|Any CPU.Build.0 = Debug|Any CPU
		{C6458436-D548-428C-B250-23E3084F74FC}.Debug|ARM.ActiveCfg = Debug|Any CPU
		{C6458436-D548-428C-B250-23E3084F74FC}.Debug|ARM.Build.0 = Debug|Any CPU
		{C6458436-D548-428C-B250-23E3084F74FC}.Debug|ARM64.ActiveCfg = Debug|Any CPU
		{C6458436-D548-428C-B250-23E3084F74FC}.Debug|ARM64.Build.0 = Debug|Any CPU
		{C6458436-D548-428C-B250-23E3084F74FC}.Debug|x64.ActiveCfg = Debug|Any CPU
		{C6458436-D548-428C-B250-23E3084F74FC}.Debug|x64.Build.0 = Debug|Any CPU
		{C6458436-D548-428C-B250-23E3084F74FC}.Debug|x86.ActiveCfg = Debug|Any CPU
		{C6458436-D548-428C-B250-23E3084F74FC}.Debug|x86.Build.0 = Debug|Any CPU
		{C6458436-D548-428C-B250-23E3084F74FC}.Release|Any CPU.ActiveCfg = Release|Any CPU
		{C6458436-D548-428C-B250-23E3084F74FC}.Release|Any CPU.Build.0 = Release|Any CPU
		{C6458436-D548-428C-B250-23E3084F74FC}.Release|ARM.ActiveCfg = Release|Any CPU
		{C6458436-D548-428C-B250-23E3084F74FC}.Release|ARM.Build.0 = Release|Any CPU
		{C6458436-D548-428C-B250-23E3084F74FC}.Release|ARM64.ActiveCfg = Release|Any CPU
		{C6458436-D548-428C-B250-23E3084F74FC}.Release|ARM64.Build.0 = Release|Any CPU
		{C6458436-D548-428C-B250-23E3084F74FC}.Release|x64.ActiveCfg = Release|Any CPU
		{C6458436-D548-428C-B250-23E3084F74FC}.Release|x64.Build.0 = Release|Any CPU
		{C6458436-D548-428C-B250-23E3084F74FC}.Release|x86.ActiveCfg = Release|Any CPU
		{C6458436-D548-428C-B250-23E3084F74FC}.Release|x86.Build.0 = Release|Any CPU
	EndGlobalSection
	GlobalSection(SolutionProperties) = preSolution
		HideSolutionNode = FALSE
	EndGlobalSection
	GlobalSection(ExtensibilityGlobals) = postSolution
		SolutionGuid = {6F78678F-F528-4DE8-BC2A-71FA403D68B8}
	EndGlobalSection
EndGlobal
